
Microsoft Visual Studio Solution File, Format Version 12.00
# Visual Studio Version 16
VisualStudioVersion = 16.0.31205.134
MinimumVisualStudioVersion = 10.0.40219.1
Project("{9A19103F-16F7-4668-BE54-9A1E7A4F7556}") = "LogHandler", "LogHandler\LogHandler.csproj", "{B54386E6-34DA-4813-BF54-67CB33AF1C80}"
EndProject
Project("{9A19103F-16F7-4668-BE54-9A1E7A4F7556}") = "LogHandler.DAL", "LogHandler.DAL\LogHandler.DAL.csproj", "{5B0F833A-00FB-46E7-84BE-39338AC30D81}"
EndProject
Global
	GlobalSection(SolutionConfigurationPlatforms) = preSolution
		Debug|Any CPU = Debug|Any CPU
		Release|Any CPU = Release|Any CPU
	EndGlobalSection
	GlobalSection(ProjectConfigurationPlatforms) = postSolution
		{B54386E6-34DA-4813-BF54-67CB33AF1C80}.Debug|Any CPU.ActiveCfg = Debug|Any CPU
		{B54386E6-34DA-4813-BF54-67CB33AF1C80}.Debug|Any CPU.Build.0 = Debug|Any CPU
		{B54386E6-34DA-4813-BF54-67CB33AF1C80}.Release|Any CPU.ActiveCfg = Release|Any CPU
		{B54386E6-34DA-4813-BF54-67CB33AF1C80}.Release|Any CPU.Build.0 = Release|Any CPU
		{5B0F833A-00FB-46E7-84BE-39338AC30D81}.Debug|Any CPU.ActiveCfg = Debug|Any CPU
		{5B0F833A-00FB-46E7-84BE-39338AC30D81}.Debug|Any CPU.Build.0 = Debug|Any CPU
		{5B0F833A-00FB-46E7-84BE-39338AC30D81}.Release|Any CPU.ActiveCfg = Release|Any CPU
		{5B0F833A-00FB-46E7-84BE-39338AC30D81}.Release|Any CPU.Build.0 = Release|Any CPU
	EndGlobalSection
	GlobalSection(SolutionProperties) = preSolution
		HideSolutionNode = FALSE
	EndGlobalSection
	GlobalSection(ExtensibilityGlobals) = postSolution
		SolutionGuid = {937D06AE-D133-4533-B7B1-025AB0871621}
	EndGlobalSection
EndGlobal
